// !$*UTF8*$!
{
	archiveVersion = 1;
	classes = {
	};
	objectVersion = 46;
	objects = {

/* Begin PBXBuildFile section */
		FF99CC5518F8477800C63F9E /* Hypno.png in Resources */ = {isa = PBXBuildFile; fileRef = FF99CC5118F8477800C63F9E /* Hypno.png */; };
		FF99CC5618F8477800C63F9E /* Hypno@2x.png in Resources */ = {isa = PBXBuildFile; fileRef = FF99CC5218F8477800C63F9E /* Hypno@2x.png */; };
		FF99CC5718F8477800C63F9E /* Time.png in Resources */ = {isa = PBXBuildFile; fileRef = FF99CC5318F8477800C63F9E /* Time.png */; };
		FF99CC5818F8477800C63F9E /* Time@2x.png in Resources */ = {isa = PBXBuildFile; fileRef = FF99CC5418F8477800C63F9E /* Time@2x.png */; };
		FFD4101818F7FAAA0059C55E /* Foundation.framework in Frameworks */ = {isa = PBXBuildFile; fileRef = FFD4101718F7FAAA0059C55E /* Foundation.framework */; };
		FFD4101A18F7FAAA0059C55E /* CoreGraphics.framework in Frameworks */ = {isa = PBXBuildFile; fileRef = FFD4101918F7FAAA0059C55E /* CoreGraphics.framework */; };
		FFD4101C18F7FAAA0059C55E /* UIKit.framework in Frameworks */ = {isa = PBXBuildFile; fileRef = FFD4101B18F7FAAA0059C55E /* UIKit.framework */; };
		FFD4101E18F7FAAA0059C55E /* CoreData.framework in Frameworks */ = {isa = PBXBuildFile; fileRef = FFD4101D18F7FAAA0059C55E /* CoreData.framework */; };
		FFD4102418F7FAAA0059C55E /* InfoPlist.strings in Resources */ = {isa = PBXBuildFile; fileRef = FFD4102218F7FAAA0059C55E /* InfoPlist.strings */; };
		FFD4102618F7FAAA0059C55E /* main.m in Sources */ = {isa = PBXBuildFile; fileRef = FFD4102518F7FAAA0059C55E /* main.m */; };
		FFD4102A18F7FAAA0059C55E /* BNRAppDelegate.m in Sources */ = {isa = PBXBuildFile; fileRef = FFD4102918F7FAAA0059C55E /* BNRAppDelegate.m */; };
		FFD4102D18F7FAAA0059C55E /* HypnoNerd.xcdatamodeld in Sources */ = {isa = PBXBuildFile; fileRef = FFD4102B18F7FAAA0059C55E /* HypnoNerd.xcdatamodeld */; };
		FFD4102F18F7FAAA0059C55E /* Images.xcassets in Resources */ = {isa = PBXBuildFile; fileRef = FFD4102E18F7FAAA0059C55E /* Images.xcassets */; };
		FFD4103618F7FAAA0059C55E /* XCTest.framework in Frameworks */ = {isa = PBXBuildFile; fileRef = FFD4103518F7FAAA0059C55E /* XCTest.framework */; };
		FFD4103718F7FAAA0059C55E /* Foundation.framework in Frameworks */ = {isa = PBXBuildFile; fileRef = FFD4101718F7FAAA0059C55E /* Foundation.framework */; };
		FFD4103818F7FAAA0059C55E /* UIKit.framework in Frameworks */ = {isa = PBXBuildFile; fileRef = FFD4101B18F7FAAA0059C55E /* UIKit.framework */; };
		FFD4103918F7FAAA0059C55E /* CoreData.framework in Frameworks */ = {isa = PBXBuildFile; fileRef = FFD4101D18F7FAAA0059C55E /* CoreData.framework */; };
		FFD4104118F7FAAA0059C55E /* InfoPlist.strings in Resources */ = {isa = PBXBuildFile; fileRef = FFD4103F18F7FAAA0059C55E /* InfoPlist.strings */; };
		FFD4104318F7FAAA0059C55E /* HypnoNerdTests.m in Sources */ = {isa = PBXBuildFile; fileRef = FFD4104218F7FAAA0059C55E /* HypnoNerdTests.m */; };
		FFD4105418F7FC8F0059C55E /* HypnosisViewController.m in Sources */ = {isa = PBXBuildFile; fileRef = FFD4105318F7FC8F0059C55E /* HypnosisViewController.m */; };
		FFD4105918F800CA0059C55E /* BNRHypnosisView.m in Sources */ = {isa = PBXBuildFile; fileRef = FFD4105818F800CA0059C55E /* BNRHypnosisView.m */; };
		FFD4105D18F8128E0059C55E /* ReminderViewContorller.m in Sources */ = {isa = PBXBuildFile; fileRef = FFD4105C18F8128E0059C55E /* ReminderViewContorller.m */; };
		FFD4105F18F814380059C55E /* ReminderViewContorller.xib in Resources */ = {isa = PBXBuildFile; fileRef = FFD4105E18F814380059C55E /* ReminderViewContorller.xib */; };
/* End PBXBuildFile section */

/* Begin PBXContainerItemProxy section */
		FFD4103A18F7FAAA0059C55E /* PBXContainerItemProxy */ = {
			isa = PBXContainerItemProxy;
			containerPortal = FFD4100C18F7FAAA0059C55E /* Project object */;
			proxyType = 1;
			remoteGlobalIDString = FFD4101318F7FAAA0059C55E;
			remoteInfo = HypnoNerd;
		};
/* End PBXContainerItemProxy section */

/* Begin PBXFileReference section */
		FF99CC5118F8477800C63F9E /* Hypno.png */ = {isa = PBXFileReference; lastKnownFileType = image.png; name = Hypno.png; path = "../../../../Downloads/Solutions-2/00-Resources/Hypno.png"; sourceTree = "<group>"; };
		FF99CC5218F8477800C63F9E /* Hypno@2x.png */ = {isa = PBXFileReference; lastKnownFileType = image.png; name = "Hypno@2x.png"; path = "../../../../Downloads/Solutions-2/00-Resources/Hypno@2x.png"; sourceTree = "<group>"; };
		FF99CC5318F8477800C63F9E /* Time.png */ = {isa = PBXFileReference; lastKnownFileType = image.png; name = Time.png; path = "../../../../Downloads/Solutions-2/00-Resources/Time.png"; sourceTree = "<group>"; };
		FF99CC5418F8477800C63F9E /* Time@2x.png */ = {isa = PBXFileReference; lastKnownFileType = image.png; name = "Time@2x.png"; path = "../../../../Downloads/Solutions-2/00-Resources/Time@2x.png"; sourceTree = "<group>"; };
		FFD4101418F7FAAA0059C55E /* HypnoNerd.app */ = {isa = PBXFileReference; explicitFileType = wrapper.application; includeInIndex = 0; path = HypnoNerd.app; sourceTree = BUILT_PRODUCTS_DIR; };
		FFD4101718F7FAAA0059C55E /* Foundation.framework */ = {isa = PBXFileReference; lastKnownFileType = wrapper.framework; name = Foundation.framework; path = System/Library/Frameworks/Foundation.framework; sourceTree = SDKROOT; };
		FFD4101918F7FAAA0059C55E /* CoreGraphics.framework */ = {isa = PBXFileReference; lastKnownFileType = wrapper.framework; name = CoreGraphics.framework; path = System/Library/Frameworks/CoreGraphics.framework; sourceTree = SDKROOT; };
		FFD4101B18F7FAAA0059C55E /* UIKit.framework */ = {isa = PBXFileReference; lastKnownFileType = wrapper.framework; name = UIKit.framework; path = System/Library/Frameworks/UIKit.framework; sourceTree = SDKROOT; };
		FFD4101D18F7FAAA0059C55E /* CoreData.framework */ = {isa = PBXFileReference; lastKnownFileType = wrapper.framework; name = CoreData.framework; path = System/Library/Frameworks/CoreData.framework; sourceTree = SDKROOT; };
		FFD4102118F7FAAA0059C55E /* HypnoNerd-Info.plist */ = {isa = PBXFileReference; lastKnownFileType = text.plist.xml; path = "HypnoNerd-Info.plist"; sourceTree = "<group>"; };
		FFD4102318F7FAAA0059C55E /* en */ = {isa = PBXFileReference; lastKnownFileType = text.plist.strings; name = en; path = en.lproj/InfoPlist.strings; sourceTree = "<group>"; };
		FFD4102518F7FAAA0059C55E /* main.m */ = {isa = PBXFileReference; lastKnownFileType = sourcecode.c.objc; path = main.m; sourceTree = "<group>"; };
		FFD4102718F7FAAA0059C55E /* HypnoNerd-Prefix.pch */ = {isa = PBXFileReference; lastKnownFileType = sourcecode.c.h; path = "HypnoNerd-Prefix.pch"; sourceTree = "<group>"; };
		FFD4102818F7FAAA0059C55E /* BNRAppDelegate.h */ = {isa = PBXFileReference; lastKnownFileType = sourcecode.c.h; path = BNRAppDelegate.h; sourceTree = "<group>"; };
		FFD4102918F7FAAA0059C55E /* BNRAppDelegate.m */ = {isa = PBXFileReference; lastKnownFileType = sourcecode.c.objc; path = BNRAppDelegate.m; sourceTree = "<group>"; };
		FFD4102C18F7FAAA0059C55E /* HypnoNerd.xcdatamodel */ = {isa = PBXFileReference; lastKnownFileType = wrapper.xcdatamodel; path = HypnoNerd.xcdatamodel; sourceTree = "<group>"; };
		FFD4102E18F7FAAA0059C55E /* Images.xcassets */ = {isa = PBXFileReference; lastKnownFileType = folder.assetcatalog; path = Images.xcassets; sourceTree = "<group>"; };
		FFD4103418F7FAAA0059C55E /* HypnoNerdTests.xctest */ = {isa = PBXFileReference; explicitFileType = wrapper.cfbundle; includeInIndex = 0; path = HypnoNerdTests.xctest; sourceTree = BUILT_PRODUCTS_DIR; };
		FFD4103518F7FAAA0059C55E /* XCTest.framework */ = {isa = PBXFileReference; lastKnownFileType = wrapper.framework; name = XCTest.framework; path = Library/Frameworks/XCTest.framework; sourceTree = DEVELOPER_DIR; };
		FFD4103E18F7FAAA0059C55E /* HypnoNerdTests-Info.plist */ = {isa = PBXFileReference; lastKnownFileType = text.plist.xml; path = "HypnoNerdTests-Info.plist"; sourceTree = "<group>"; };
		FFD4104018F7FAAA0059C55E /* en */ = {isa = PBXFileReference; lastKnownFileType = text.plist.strings; name = en; path = en.lproj/InfoPlist.strings; sourceTree = "<group>"; };
		FFD4104218F7FAAA0059C55E /* HypnoNerdTests.m */ = {isa = PBXFileReference; lastKnownFileType = sourcecode.c.objc; path = HypnoNerdTests.m; sourceTree = "<group>"; };
		FFD4105218F7FC8F0059C55E /* HypnosisViewController.h */ = {isa = PBXFileReference; fileEncoding = 4; lastKnownFileType = sourcecode.c.h; name = HypnosisViewController.h; path = ../HypnosisViewController.h; sourceTree = "<group>"; };
		FFD4105318F7FC8F0059C55E /* HypnosisViewController.m */ = {isa = PBXFileReference; fileEncoding = 4; lastKnownFileType = sourcecode.c.objc; name = HypnosisViewController.m; path = ../HypnosisViewController.m; sourceTree = "<group>"; };
		FFD4105818F800CA0059C55E /* BNRHypnosisView.m */ = {isa = PBXFileReference; fileEncoding = 4; lastKnownFileType = sourcecode.c.objc; name = BNRHypnosisView.m; path = ../../Hypnotiser/Hypnotiser/BNRHypnosisView.m; sourceTree = "<group>"; };
		FFD4105A18F800D20059C55E /* BNRHypnosisView.h */ = {isa = PBXFileReference; lastKnownFileType = sourcecode.c.h; name = BNRHypnosisView.h; path = ../../Hypnotiser/Hypnotiser/BNRHypnosisView.h; sourceTree = "<group>"; };
		FFD4105B18F8128E0059C55E /* ReminderViewContorller.h */ = {isa = PBXFileReference; fileEncoding = 4; lastKnownFileType = sourcecode.c.h; name = ReminderViewContorller.h; path = ../ReminderViewContorller.h; sourceTree = "<group>"; };
		FFD4105C18F8128E0059C55E /* ReminderViewContorller.m */ = {isa = PBXFileReference; fileEncoding = 4; lastKnownFileType = sourcecode.c.objc; name = ReminderViewContorller.m; path = ../ReminderViewContorller.m; sourceTree = "<group>"; };
		FFD4105E18F814380059C55E /* ReminderViewContorller.xib */ = {isa = PBXFileReference; fileEncoding = 4; lastKnownFileType = file.xib; name = ReminderViewContorller.xib; path = ../ReminderViewContorller.xib; sourceTree = "<group>"; };
/* End PBXFileReference section */

/* Begin PBXFrameworksBuildPhase section */
		FFD4101118F7FAAA0059C55E /* Frameworks */ = {
			isa = PBXFrameworksBuildPhase;
			buildActionMask = 2147483647;
			files = (
				FFD4101A18F7FAAA0059C55E /* CoreGraphics.framework in Frameworks */,
				FFD4101E18F7FAAA0059C55E /* CoreData.framework in Frameworks */,
				FFD4101C18F7FAAA0059C55E /* UIKit.framework in Frameworks */,
				FFD4101818F7FAAA0059C55E /* Foundation.framework in Frameworks */,
			);
			runOnlyForDeploymentPostprocessing = 0;
		};
		FFD4103118F7FAAA0059C55E /* Frameworks */ = {
			isa = PBXFrameworksBuildPhase;
			buildActionMask = 2147483647;
			files = (
				FFD4103618F7FAAA0059C55E /* XCTest.framework in Frameworks */,
				FFD4103918F7FAAA0059C55E /* CoreData.framework in Frameworks */,
				FFD4103818F7FAAA0059C55E /* UIKit.framework in Frameworks */,
				FFD4103718F7FAAA0059C55E /* Foundation.framework in Frameworks */,
			);
			runOnlyForDeploymentPostprocessing = 0;
		};
/* End PBXFrameworksBuildPhase section */

/* Begin PBXGroup section */
		FFD4100B18F7FAAA0059C55E = {
			isa = PBXGroup;
			children = (
				FFD4101F18F7FAAA0059C55E /* HypnoNerd */,
				FFD4103C18F7FAAA0059C55E /* HypnoNerdTests */,
				FFD4101618F7FAAA0059C55E /* Frameworks */,
				FFD4101518F7FAAA0059C55E /* Products */,
			);
			sourceTree = "<group>";
		};
		FFD4101518F7FAAA0059C55E /* Products */ = {
			isa = PBXGroup;
			children = (
				FFD4101418F7FAAA0059C55E /* HypnoNerd.app */,
				FFD4103418F7FAAA0059C55E /* HypnoNerdTests.xctest */,
			);
			name = Products;
			sourceTree = "<group>";
		};
		FFD4101618F7FAAA0059C55E /* Frameworks */ = {
			isa = PBXGroup;
			children = (
				FFD4101718F7FAAA0059C55E /* Foundation.framework */,
				FFD4101918F7FAAA0059C55E /* CoreGraphics.framework */,
				FFD4101B18F7FAAA0059C55E /* UIKit.framework */,
				FFD4101D18F7FAAA0059C55E /* CoreData.framework */,
				FFD4103518F7FAAA0059C55E /* XCTest.framework */,
			);
			name = Frameworks;
			sourceTree = "<group>";
		};
		FFD4101F18F7FAAA0059C55E /* HypnoNerd */ = {
			isa = PBXGroup;
			children = (
				FFD4105C18F8128E0059C55E /* ReminderViewContorller.m */,
				FFD4105B18F8128E0059C55E /* ReminderViewContorller.h */,
				FFD4105E18F814380059C55E /* ReminderViewContorller.xib */,
				FFD4105218F7FC8F0059C55E /* HypnosisViewController.h */,
				FFD4105318F7FC8F0059C55E /* HypnosisViewController.m */,
				FFD4102818F7FAAA0059C55E /* BNRAppDelegate.h */,
				FFD4105A18F800D20059C55E /* BNRHypnosisView.h */,
				FFD4102918F7FAAA0059C55E /* BNRAppDelegate.m */,
				FFD4105818F800CA0059C55E /* BNRHypnosisView.m */,
				FFD4102E18F7FAAA0059C55E /* Images.xcassets */,
				FF99CC5118F8477800C63F9E /* Hypno.png */,
				FF99CC5218F8477800C63F9E /* Hypno@2x.png */,
				FF99CC5318F8477800C63F9E /* Time.png */,
				FF99CC5418F8477800C63F9E /* Time@2x.png */,
				FFD4102B18F7FAAA0059C55E /* HypnoNerd.xcdatamodeld */,
				FFD4102018F7FAAA0059C55E /* Supporting Files */,
			);
			path = HypnoNerd;
			sourceTree = "<group>";
		};
		FFD4102018F7FAAA0059C55E /* Supporting Files */ = {
			isa = PBXGroup;
			children = (
				FFD4102118F7FAAA0059C55E /* HypnoNerd-Info.plist */,
				FFD4102218F7FAAA0059C55E /* InfoPlist.strings */,
				FFD4102518F7FAAA0059C55E /* main.m */,
				FFD4102718F7FAAA0059C55E /* HypnoNerd-Prefix.pch */,
			);
			name = "Supporting Files";
			sourceTree = "<group>";
		};
		FFD4103C18F7FAAA0059C55E /* HypnoNerdTests */ = {
			isa = PBXGroup;
			children = (
				FFD4104218F7FAAA0059C55E /* HypnoNerdTests.m */,
				FFD4103D18F7FAAA0059C55E /* Supporting Files */,
			);
			path = HypnoNerdTests;
			sourceTree = "<group>";
		};
		FFD4103D18F7FAAA0059C55E /* Supporting Files */ = {
			isa = PBXGroup;
			children = (
				FFD4103E18F7FAAA0059C55E /* HypnoNerdTests-Info.plist */,
				FFD4103F18F7FAAA0059C55E /* InfoPlist.strings */,
			);
			name = "Supporting Files";
			sourceTree = "<group>";
		};
/* End PBXGroup section */

/* Begin PBXNativeTarget section */
		FFD4101318F7FAAA0059C55E /* HypnoNerd */ = {
			isa = PBXNativeTarget;
			buildConfigurationList = FFD4104618F7FAAA0059C55E /* Build configuration list for PBXNativeTarget "HypnoNerd" */;
			buildPhases = (
				FFD4101018F7FAAA0059C55E /* Sources */,
				FFD4101118F7FAAA0059C55E /* Frameworks */,
				FFD4101218F7FAAA0059C55E /* Resources */,
			);
			buildRules = (
			);
			dependencies = (
			);
			name = HypnoNerd;
			productName = HypnoNerd;
			productReference = FFD4101418F7FAAA0059C55E /* HypnoNerd.app */;
			productType = "com.apple.product-type.application";
		};
		FFD4103318F7FAAA0059C55E /* HypnoNerdTests */ = {
			isa = PBXNativeTarget;
			buildConfigurationList = FFD4104918F7FAAA0059C55E /* Build configuration list for PBXNativeTarget "HypnoNerdTests" */;
			buildPhases = (
				FFD4103018F7FAAA0059C55E /* Sources */,
				FFD4103118F7FAAA0059C55E /* Frameworks */,
				FFD4103218F7FAAA0059C55E /* Resources */,
			);
			buildRules = (
			);
			dependencies = (
				FFD4103B18F7FAAA0059C55E /* PBXTargetDependency */,
			);
			name = HypnoNerdTests;
			productName = HypnoNerdTests;
			productReference = FFD4103418F7FAAA0059C55E /* HypnoNerdTests.xctest */;
			productType = "com.apple.product-type.bundle.unit-test";
		};
/* End PBXNativeTarget section */

/* Begin PBXProject section */
		FFD4100C18F7FAAA0059C55E /* Project object */ = {
			isa = PBXProject;
			attributes = {
				CLASSPREFIX = BNR;
				LastUpgradeCheck = 0500;
				ORGANIZATIONNAME = ucd;
				TargetAttributes = {
					FFD4103318F7FAAA0059C55E = {
						TestTargetID = FFD4101318F7FAAA0059C55E;
					};
				};
			};
			buildConfigurationList = FFD4100F18F7FAAA0059C55E /* Build configuration list for PBXProject "HypnoNerd" */;
			compatibilityVersion = "Xcode 3.2";
			developmentRegion = English;
			hasScannedForEncodings = 0;
			knownRegions = (
				en,
			);
			mainGroup = FFD4100B18F7FAAA0059C55E;
			productRefGroup = FFD4101518F7FAAA0059C55E /* Products */;
			projectDirPath = "";
			projectRoot = "";
			targets = (
				FFD4101318F7FAAA0059C55E /* HypnoNerd */,
				FFD4103318F7FAAA0059C55E /* HypnoNerdTests */,
			);
		};
/* End PBXProject section */

/* Begin PBXResourcesBuildPhase section */
		FFD4101218F7FAAA0059C55E /* Resources */ = {
			isa = PBXResourcesBuildPhase;
			buildActionMask = 2147483647;
			files = (
				FF99CC5818F8477800C63F9E /* Time@2x.png in Resources */,
				FF99CC5718F8477800C63F9E /* Time.png in Resources */,
				FFD4105F18F814380059C55E /* ReminderViewContorller.xib in Resources */,
				FFD4102418F7FAAA0059C55E /* InfoPlist.strings in Resources */,
				FF99CC5518F8477800C63F9E /* Hypno.png in Resources */,
				FF99CC5618F8477800C63F9E /* Hypno@2x.png in Resources */,
				FFD4102F18F7FAAA0059C55E /* Images.xcassets in Resources */,
			);
			runOnlyForDeploymentPostprocessing = 0;
		};
		FFD4103218F7FAAA0059C55E /* Resources */ = {
			isa = PBXResourcesBuildPhase;
			buildActionMask = 2147483647;
			files = (
				FFD4104118F7FAAA0059C55E /* InfoPlist.strings in Resources */,
			);
			runOnlyForDeploymentPostprocessing = 0;
		};
/* End PBXResourcesBuildPhase section */

/* Begin PBXSourcesBuildPhase section */
		FFD4101018F7FAAA0059C55E /* Sources */ = {
			isa = PBXSourcesBuildPhase;
			buildActionMask = 2147483647;
			files = (
				FFD4102D18F7FAAA0059C55E /* HypnoNerd.xcdatamodeld in Sources */,
				FFD4102618F7FAAA0059C55E /* main.m in Sources */,
				FFD4105D18F8128E0059C55E /* ReminderViewContorller.m in Sources */,
				FFD4102A18F7FAAA0059C55E /* BNRAppDelegate.m in Sources */,
				FFD4105918F800CA0059C55E /* BNRHypnosisView.m in Sources */,
				FFD4105418F7FC8F0059C55E /* HypnosisViewController.m in Sources */,
			);
			runOnlyForDeploymentPostprocessing = 0;
		};
		FFD4103018F7FAAA0059C55E /* Sources */ = {
			isa = PBXSourcesBuildPhase;
			buildActionMask = 2147483647;
			files = (
				FFD4104318F7FAAA0059C55E /* HypnoNerdTests.m in Sources */,
			);
			runOnlyForDeploymentPostprocessing = 0;
		};
/* End PBXSourcesBuildPhase section */

/* Begin PBXTargetDependency section */
		FFD4103B18F7FAAA0059C55E /* PBXTargetDependency */ = {
			isa = PBXTargetDependency;
			target = FFD4101318F7FAAA0059C55E /* HypnoNerd */;
			targetProxy = FFD4103A18F7FAAA0059C55E /* PBXContainerItemProxy */;
		};
/* End PBXTargetDependency section */

/* Begin PBXVariantGroup section */
		FFD4102218F7FAAA0059C55E /* InfoPlist.strings */ = {
			isa = PBXVariantGroup;
			children = (
				FFD4102318F7FAAA0059C55E /* en */,
			);
			name = InfoPlist.strings;
			sourceTree = "<group>";
		};
		FFD4103F18F7FAAA0059C55E /* InfoPlist.strings */ = {
			isa = PBXVariantGroup;
			children = (
				FFD4104018F7FAAA0059C55E /* en */,
			);
			name = InfoPlist.strings;
			sourceTree = "<group>";
		};
/* End PBXVariantGroup section */

/* Begin XCBuildConfiguration section */
		FFD4104418F7FAAA0059C55E /* Debug */ = {
			isa = XCBuildConfiguration;
			buildSettings = {
				ALWAYS_SEARCH_USER_PATHS = NO;
				ARCHS = "$(ARCHS_STANDARD_INCLUDING_64_BIT)";
				CLANG_CXX_LANGUAGE_STANDARD = "gnu++0x";
				CLANG_CXX_LIBRARY = "libc++";
				CLANG_ENABLE_MODULES = YES;
				CLANG_ENABLE_OBJC_ARC = YES;
				CLANG_WARN_BOOL_CONVERSION = YES;
				CLANG_WARN_CONSTANT_CONVERSION = YES;
				CLANG_WARN_DIRECT_OBJC_ISA_USAGE = YES_ERROR;
				CLANG_WARN_EMPTY_BODY = YES;
				CLANG_WARN_ENUM_CONVERSION = YES;
				CLANG_WARN_INT_CONVERSION = YES;
				CLANG_WARN_OBJC_ROOT_CLASS = YES_ERROR;
				CLANG_WARN__DUPLICATE_METHOD_MATCH = YES;
				"CODE_SIGN_IDENTITY[sdk=iphoneos*]" = "iPhone Developer";
				COPY_PHASE_STRIP = NO;
				GCC_C_LANGUAGE_STANDARD = gnu99;
				GCC_DYNAMIC_NO_PIC = NO;
				GCC_OPTIMIZATION_LEVEL = 0;
				GCC_PREPROCESSOR_DEFINITIONS = (
					"DEBUG=1",
					"$(inherited)",
				);
				GCC_SYMBOLS_PRIVATE_EXTERN = NO;
				GCC_WARN_64_TO_32_BIT_CONVERSION = YES;
				GCC_WARN_ABOUT_RETURN_TYPE = YES_ERROR;
				GCC_WARN_UNDECLARED_SELECTOR = YES;
				GCC_WARN_UNINITIALIZED_AUTOS = YES;
				GCC_WARN_UNUSED_FUNCTION = YES;
				GCC_WARN_UNUSED_VARIABLE = YES;
				IPHONEOS_DEPLOYMENT_TARGET = 7.0;
				ONLY_ACTIVE_ARCH = YES;
				SDKROOT = iphoneos;
			};
			name = Debug;
		};
		FFD4104518F7FAAA0059C55E /* Release */ = {
			isa = XCBuildConfiguration;
			buildSettings = {
				ALWAYS_SEARCH_USER_PATHS = NO;
				ARCHS = "$(ARCHS_STANDARD_INCLUDING_64_BIT)";
				CLANG_CXX_LANGUAGE_STANDARD = "gnu++0x";
				CLANG_CXX_LIBRARY = "libc++";
				CLANG_ENABLE_MODULES = YES;
				CLANG_ENABLE_OBJC_ARC = YES;
				CLANG_WARN_BOOL_CONVERSION = YES;
				CLANG_WARN_CONSTANT_CONVERSION = YES;
				CLANG_WARN_DIRECT_OBJC_ISA_USAGE = YES_ERROR;
				CLANG_WARN_EMPTY_BODY = YES;
				CLANG_WARN_ENUM_CONVERSION = YES;
				CLANG_WARN_INT_CONVERSION = YES;
				CLANG_WARN_OBJC_ROOT_CLASS = YES_ERROR;
				CLANG_WARN__DUPLICATE_METHOD_MATCH = YES;
				"CODE_SIGN_IDENTITY[sdk=iphoneos*]" = "iPhone Developer";
				COPY_PHASE_STRIP = YES;
				ENABLE_NS_ASSERTIONS = NO;
				GCC_C_LANGUAGE_STANDARD = gnu99;
				GCC_WARN_64_TO_32_BIT_CONVERSION = YES;
				GCC_WARN_ABOUT_RETURN_TYPE = YES_ERROR;
				GCC_WARN_UNDECLARED_SELECTOR = YES;
				GCC_WARN_UNINITIALIZED_AUTOS = YES;
				GCC_WARN_UNUSED_FUNCTION = YES;
				GCC_WARN_UNUSED_VARIABLE = YES;
				IPHONEOS_DEPLOYMENT_TARGET = 7.0;
				SDKROOT = iphoneos;
				VALIDATE_PRODUCT = YES;
			};
			name = Release;
		};
		FFD4104718F7FAAA0059C55E /* Debug */ = {
			isa = XCBuildConfiguration;
			buildSettings = {
				ASSETCATALOG_COMPILER_APPICON_NAME = AppIcon;
				ASSETCATALOG_COMPILER_LAUNCHIMAGE_NAME = LaunchImage;
				GCC_PRECOMPILE_PREFIX_HEADER = YES;
				GCC_PREFIX_HEADER = "HypnoNerd/HypnoNerd-Prefix.pch";
				INFOPLIST_FILE = "HypnoNerd/HypnoNerd-Info.plist";
				PRODUCT_NAME = "$(TARGET_NAME)";
				WRAPPER_EXTENSION = app;
			};
			name = Debug;
		};
		FFD4104818F7FAAA0059C55E /* Release */ = {
			isa = XCBuildConfiguration;
			buildSettings = {
				ASSETCATALOG_COMPILER_APPICON_NAME = AppIcon;
				ASSETCATALOG_COMPILER_LAUNCHIMAGE_NAME = LaunchImage;
				GCC_PRECOMPILE_PREFIX_HEADER = YES;
				GCC_PREFIX_HEADER = "HypnoNerd/HypnoNerd-Prefix.pch";
				INFOPLIST_FILE = "HypnoNerd/HypnoNerd-Info.plist";
				PRODUCT_NAME = "$(TARGET_NAME)";
				WRAPPER_EXTENSION = app;
			};
			name = Release;
		};
		FFD4104A18F7FAAA0059C55E /* Debug */ = {
			isa = XCBuildConfiguration;
			buildSettings = {
				ARCHS = "$(ARCHS_STANDARD_INCLUDING_64_BIT)";
				BUNDLE_LOADER = "$(BUILT_PRODUCTS_DIR)/HypnoNerd.app/HypnoNerd";
				FRAMEWORK_SEARCH_PATHS = (
					"$(SDKROOT)/Developer/Library/Frameworks",
					"$(inherited)",
					"$(DEVELOPER_FRAMEWORKS_DIR)",
				);
				GCC_PRECOMPILE_PREFIX_HEADER = YES;
				GCC_PREFIX_HEADER = "HypnoNerd/HypnoNerd-Prefix.pch";
				GCC_PREPROCESSOR_DEFINITIONS = (
					"DEBUG=1",
					"$(inherited)",
				);
				INFOPLIST_FILE = "HypnoNerdTests/HypnoNerdTests-Info.plist";
				PRODUCT_NAME = "$(TARGET_NAME)";
				TEST_HOST = "$(BUNDLE_LOADER)";
				WRAPPER_EXTENSION = xctest;
			};
			name = Debug;
		};
		FFD4104B18F7FAAA0059C55E /* Release */ = {
			isa = XCBuildConfiguration;
			buildSettings = {
				ARCHS = "$(ARCHS_STANDARD_INCLUDING_64_BIT)";
				BUNDLE_LOADER = "$(BUILT_PRODUCTS_DIR)/HypnoNerd.app/HypnoNerd";
				FRAMEWORK_SEARCH_PATHS = (
					"$(SDKROOT)/Developer/Library/Frameworks",
					"$(inherited)",
					"$(DEVELOPER_FRAMEWORKS_DIR)",
				);
				GCC_PRECOMPILE_PREFIX_HEADER = YES;
				GCC_PREFIX_HEADER = "HypnoNerd/HypnoNerd-Prefix.pch";
				INFOPLIST_FILE = "HypnoNerdTests/HypnoNerdTests-Info.plist";
				PRODUCT_NAME = "$(TARGET_NAME)";
				TEST_HOST = "$(BUNDLE_LOADER)";
				WRAPPER_EXTENSION = xctest;
			};
			name = Release;
		};
/* End XCBuildConfiguration section */

/* Begin XCConfigurationList section */
		FFD4100F18F7FAAA0059C55E /* Build configuration list for PBXProject "HypnoNerd" */ = {
			isa = XCConfigurationList;
			buildConfigurations = (
				FFD4104418F7FAAA0059C55E /* Debug */,
				FFD4104518F7FAAA0059C55E /* Release */,
			);
			defaultConfigurationIsVisible = 0;
			defaultConfigurationName = Release;
		};
		FFD4104618F7FAAA0059C55E /* Build configuration list for PBXNativeTarget "HypnoNerd" */ = {
			isa = XCConfigurationList;
			buildConfigurations = (
				FFD4104718F7FAAA0059C55E /* Debug */,
				FFD4104818F7FAAA0059C55E /* Release */,
			);
			defaultConfigurationIsVisible = 0;
			defaultConfigurationName = Release;
		};
		FFD4104918F7FAAA0059C55E /* Build configuration list for PBXNativeTarget "HypnoNerdTests" */ = {
			isa = XCConfigurationList;
			buildConfigurations = (
				FFD4104A18F7FAAA0059C55E /* Debug */,
				FFD4104B18F7FAAA0059C55E /* Release */,
			);
			defaultConfigurationIsVisible = 0;
			defaultConfigurationName = Release;
		};
/* End XCConfigurationList section */

/* Begin XCVersionGroup section */
		FFD4102B18F7FAAA0059C55E /* HypnoNerd.xcdatamodeld */ = {
			isa = XCVersionGroup;
			children = (
				FFD4102C18F7FAAA0059C55E /* HypnoNerd.xcdatamodel */,
			);
			currentVersion = FFD4102C18F7FAAA0059C55E /* HypnoNerd.xcdatamodel */;
			path = HypnoNerd.xcdatamodeld;
			sourceTree = "<group>";
			versionGroupType = wrapper.xcdatamodel;
		};
/* End XCVersionGroup section */
	};
	rootObject = FFD4100C18F7FAAA0059C55E /* Project object */;
}
