// !$*UTF8*$!
{
	archiveVersion = 1;
	classes = {
	};
	objectVersion = 46;
	objects = {

/* Begin PBXBuildFile section */
		FF8BBFAC18F5362100E7B0D7 /* Foundation.framework in Frameworks */ = {isa = PBXBuildFile; fileRef = FF8BBFAB18F5362100E7B0D7 /* Foundation.framework */; };
		FF8BBFAE18F5362100E7B0D7 /* CoreGraphics.framework in Frameworks */ = {isa = PBXBuildFile; fileRef = FF8BBFAD18F5362100E7B0D7 /* CoreGraphics.framework */; };
		FF8BBFB018F5362100E7B0D7 /* UIKit.framework in Frameworks */ = {isa = PBXBuildFile; fileRef = FF8BBFAF18F5362100E7B0D7 /* UIKit.framework */; };
		FF8BBFB618F5362100E7B0D7 /* InfoPlist.strings in Resources */ = {isa = PBXBuildFile; fileRef = FF8BBFB418F5362100E7B0D7 /* InfoPlist.strings */; };
		FF8BBFB818F5362100E7B0D7 /* main.m in Sources */ = {isa = PBXBuildFile; fileRef = FF8BBFB718F5362100E7B0D7 /* main.m */; };
		FF8BBFBC18F5362100E7B0D7 /* AppDelegate.m in Sources */ = {isa = PBXBuildFile; fileRef = FF8BBFBB18F5362100E7B0D7 /* AppDelegate.m */; };
		FF8BBFBF18F5362100E7B0D7 /* Main.storyboard in Resources */ = {isa = PBXBuildFile; fileRef = FF8BBFBD18F5362100E7B0D7 /* Main.storyboard */; };
		FF8BBFC218F5362100E7B0D7 /* ViewController.m in Sources */ = {isa = PBXBuildFile; fileRef = FF8BBFC118F5362100E7B0D7 /* ViewController.m */; };
		FF8BBFC418F5362100E7B0D7 /* Images.xcassets in Resources */ = {isa = PBXBuildFile; fileRef = FF8BBFC318F5362100E7B0D7 /* Images.xcassets */; };
		FF8BBFCB18F5362100E7B0D7 /* XCTest.framework in Frameworks */ = {isa = PBXBuildFile; fileRef = FF8BBFCA18F5362100E7B0D7 /* XCTest.framework */; };
		FF8BBFCC18F5362100E7B0D7 /* Foundation.framework in Frameworks */ = {isa = PBXBuildFile; fileRef = FF8BBFAB18F5362100E7B0D7 /* Foundation.framework */; };
		FF8BBFCD18F5362100E7B0D7 /* UIKit.framework in Frameworks */ = {isa = PBXBuildFile; fileRef = FF8BBFAF18F5362100E7B0D7 /* UIKit.framework */; };
		FF8BBFD518F5362100E7B0D7 /* InfoPlist.strings in Resources */ = {isa = PBXBuildFile; fileRef = FF8BBFD318F5362100E7B0D7 /* InfoPlist.strings */; };
		FF8BBFD718F5362100E7B0D7 /* HelloPollyTests.m in Sources */ = {isa = PBXBuildFile; fileRef = FF8BBFD618F5362100E7B0D7 /* HelloPollyTests.m */; };
		FF8BBFE518F5385000E7B0D7 /* PolygonShape.m in Sources */ = {isa = PBXBuildFile; fileRef = FF8BBFE418F5385000E7B0D7 /* PolygonShape.m */; };
		FF8BBFE718F538F300E7B0D7 /* PolygonView.m in Sources */ = {isa = PBXBuildFile; fileRef = FF8BBFE618F538F300E7B0D7 /* PolygonView.m */; };
/* End PBXBuildFile section */

/* Begin PBXContainerItemProxy section */
		FF8BBFCE18F5362100E7B0D7 /* PBXContainerItemProxy */ = {
			isa = PBXContainerItemProxy;
			containerPortal = FF8BBFA018F5362100E7B0D7 /* Project object */;
			proxyType = 1;
			remoteGlobalIDString = FF8BBFA718F5362100E7B0D7;
			remoteInfo = HelloPolly;
		};
/* End PBXContainerItemProxy section */

/* Begin PBXFileReference section */
		FF8BBFA818F5362100E7B0D7 /* HelloPolly.app */ = {isa = PBXFileReference; explicitFileType = wrapper.application; includeInIndex = 0; path = HelloPolly.app; sourceTree = BUILT_PRODUCTS_DIR; };
		FF8BBFAB18F5362100E7B0D7 /* Foundation.framework */ = {isa = PBXFileReference; lastKnownFileType = wrapper.framework; name = Foundation.framework; path = System/Library/Frameworks/Foundation.framework; sourceTree = SDKROOT; };
		FF8BBFAD18F5362100E7B0D7 /* CoreGraphics.framework */ = {isa = PBXFileReference; lastKnownFileType = wrapper.framework; name = CoreGraphics.framework; path = System/Library/Frameworks/CoreGraphics.framework; sourceTree = SDKROOT; };
		FF8BBFAF18F5362100E7B0D7 /* UIKit.framework */ = {isa = PBXFileReference; lastKnownFileType = wrapper.framework; name = UIKit.framework; path = System/Library/Frameworks/UIKit.framework; sourceTree = SDKROOT; };
		FF8BBFB318F5362100E7B0D7 /* HelloPolly-Info.plist */ = {isa = PBXFileReference; lastKnownFileType = text.plist.xml; path = "HelloPolly-Info.plist"; sourceTree = "<group>"; };
		FF8BBFB518F5362100E7B0D7 /* en */ = {isa = PBXFileReference; lastKnownFileType = text.plist.strings; name = en; path = en.lproj/InfoPlist.strings; sourceTree = "<group>"; };
		FF8BBFB718F5362100E7B0D7 /* main.m */ = {isa = PBXFileReference; lastKnownFileType = sourcecode.c.objc; path = main.m; sourceTree = "<group>"; };
		FF8BBFB918F5362100E7B0D7 /* HelloPolly-Prefix.pch */ = {isa = PBXFileReference; lastKnownFileType = sourcecode.c.h; path = "HelloPolly-Prefix.pch"; sourceTree = "<group>"; };
		FF8BBFBA18F5362100E7B0D7 /* AppDelegate.h */ = {isa = PBXFileReference; lastKnownFileType = sourcecode.c.h; path = AppDelegate.h; sourceTree = "<group>"; };
		FF8BBFBB18F5362100E7B0D7 /* AppDelegate.m */ = {isa = PBXFileReference; lastKnownFileType = sourcecode.c.objc; path = AppDelegate.m; sourceTree = "<group>"; };
		FF8BBFBE18F5362100E7B0D7 /* Base */ = {isa = PBXFileReference; lastKnownFileType = file.storyboard; name = Base; path = Base.lproj/Main.storyboard; sourceTree = "<group>"; };
		FF8BBFC018F5362100E7B0D7 /* ViewController.h */ = {isa = PBXFileReference; lastKnownFileType = sourcecode.c.h; path = ViewController.h; sourceTree = "<group>"; };
		FF8BBFC118F5362100E7B0D7 /* ViewController.m */ = {isa = PBXFileReference; lastKnownFileType = sourcecode.c.objc; path = ViewController.m; sourceTree = "<group>"; };
		FF8BBFC318F5362100E7B0D7 /* Images.xcassets */ = {isa = PBXFileReference; lastKnownFileType = folder.assetcatalog; path = Images.xcassets; sourceTree = "<group>"; };
		FF8BBFC918F5362100E7B0D7 /* HelloPollyTests.xctest */ = {isa = PBXFileReference; explicitFileType = wrapper.cfbundle; includeInIndex = 0; path = HelloPollyTests.xctest; sourceTree = BUILT_PRODUCTS_DIR; };
		FF8BBFCA18F5362100E7B0D7 /* XCTest.framework */ = {isa = PBXFileReference; lastKnownFileType = wrapper.framework; name = XCTest.framework; path = Library/Frameworks/XCTest.framework; sourceTree = DEVELOPER_DIR; };
		FF8BBFD218F5362100E7B0D7 /* HelloPollyTests-Info.plist */ = {isa = PBXFileReference; lastKnownFileType = text.plist.xml; path = "HelloPollyTests-Info.plist"; sourceTree = "<group>"; };
		FF8BBFD418F5362100E7B0D7 /* en */ = {isa = PBXFileReference; lastKnownFileType = text.plist.strings; name = en; path = en.lproj/InfoPlist.strings; sourceTree = "<group>"; };
		FF8BBFD618F5362100E7B0D7 /* HelloPollyTests.m */ = {isa = PBXFileReference; lastKnownFileType = sourcecode.c.objc; path = HelloPollyTests.m; sourceTree = "<group>"; };
		FF8BBFE318F5384B00E7B0D7 /* PolygonShape.h */ = {isa = PBXFileReference; lastKnownFileType = sourcecode.c.h; path = PolygonShape.h; sourceTree = "<group>"; };
		FF8BBFE418F5385000E7B0D7 /* PolygonShape.m */ = {isa = PBXFileReference; fileEncoding = 4; lastKnownFileType = sourcecode.c.objc; path = PolygonShape.m; sourceTree = "<group>"; };
		FF8BBFE618F538F300E7B0D7 /* PolygonView.m */ = {isa = PBXFileReference; fileEncoding = 4; lastKnownFileType = sourcecode.c.objc; path = PolygonView.m; sourceTree = "<group>"; };
		FF8BBFE818F538F900E7B0D7 /* PolygonView.h */ = {isa = PBXFileReference; lastKnownFileType = sourcecode.c.h; path = PolygonView.h; sourceTree = "<group>"; };
/* End PBXFileReference section */

/* Begin PBXFrameworksBuildPhase section */
		FF8BBFA518F5362100E7B0D7 /* Frameworks */ = {
			isa = PBXFrameworksBuildPhase;
			buildActionMask = 2147483647;
			files = (
				FF8BBFAE18F5362100E7B0D7 /* CoreGraphics.framework in Frameworks */,
				FF8BBFB018F5362100E7B0D7 /* UIKit.framework in Frameworks */,
				FF8BBFAC18F5362100E7B0D7 /* Foundation.framework in Frameworks */,
			);
			runOnlyForDeploymentPostprocessing = 0;
		};
		FF8BBFC618F5362100E7B0D7 /* Frameworks */ = {
			isa = PBXFrameworksBuildPhase;
			buildActionMask = 2147483647;
			files = (
				FF8BBFCB18F5362100E7B0D7 /* XCTest.framework in Frameworks */,
				FF8BBFCD18F5362100E7B0D7 /* UIKit.framework in Frameworks */,
				FF8BBFCC18F5362100E7B0D7 /* Foundation.framework in Frameworks */,
			);
			runOnlyForDeploymentPostprocessing = 0;
		};
/* End PBXFrameworksBuildPhase section */

/* Begin PBXGroup section */
		FF8BBF9F18F5362100E7B0D7 = {
			isa = PBXGroup;
			children = (
				FF8BBFB118F5362100E7B0D7 /* HelloPolly */,
				FF8BBFD018F5362100E7B0D7 /* HelloPollyTests */,
				FF8BBFAA18F5362100E7B0D7 /* Frameworks */,
				FF8BBFA918F5362100E7B0D7 /* Products */,
			);
			sourceTree = "<group>";
		};
		FF8BBFA918F5362100E7B0D7 /* Products */ = {
			isa = PBXGroup;
			children = (
				FF8BBFA818F5362100E7B0D7 /* HelloPolly.app */,
				FF8BBFC918F5362100E7B0D7 /* HelloPollyTests.xctest */,
			);
			name = Products;
			sourceTree = "<group>";
		};
		FF8BBFAA18F5362100E7B0D7 /* Frameworks */ = {
			isa = PBXGroup;
			children = (
				FF8BBFAB18F5362100E7B0D7 /* Foundation.framework */,
				FF8BBFAD18F5362100E7B0D7 /* CoreGraphics.framework */,
				FF8BBFAF18F5362100E7B0D7 /* UIKit.framework */,
				FF8BBFCA18F5362100E7B0D7 /* XCTest.framework */,
			);
			name = Frameworks;
			sourceTree = "<group>";
		};
		FF8BBFB118F5362100E7B0D7 /* HelloPolly */ = {
			isa = PBXGroup;
			children = (
				FF8BBFE618F538F300E7B0D7 /* PolygonView.m */,
				FF8BBFBA18F5362100E7B0D7 /* AppDelegate.h */,
				FF8BBFE818F538F900E7B0D7 /* PolygonView.h */,
				FF8BBFBB18F5362100E7B0D7 /* AppDelegate.m */,
				FF8BBFBD18F5362100E7B0D7 /* Main.storyboard */,
				FF8BBFE418F5385000E7B0D7 /* PolygonShape.m */,
				FF8BBFE318F5384B00E7B0D7 /* PolygonShape.h */,
				FF8BBFC018F5362100E7B0D7 /* ViewController.h */,
				FF8BBFC118F5362100E7B0D7 /* ViewController.m */,
				FF8BBFC318F5362100E7B0D7 /* Images.xcassets */,
				FF8BBFB218F5362100E7B0D7 /* Supporting Files */,
			);
			path = HelloPolly;
			sourceTree = "<group>";
		};
		FF8BBFB218F5362100E7B0D7 /* Supporting Files */ = {
			isa = PBXGroup;
			children = (
				FF8BBFB318F5362100E7B0D7 /* HelloPolly-Info.plist */,
				FF8BBFB418F5362100E7B0D7 /* InfoPlist.strings */,
				FF8BBFB718F5362100E7B0D7 /* main.m */,
				FF8BBFB918F5362100E7B0D7 /* HelloPolly-Prefix.pch */,
			);
			name = "Supporting Files";
			sourceTree = "<group>";
		};
		FF8BBFD018F5362100E7B0D7 /* HelloPollyTests */ = {
			isa = PBXGroup;
			children = (
				FF8BBFD618F5362100E7B0D7 /* HelloPollyTests.m */,
				FF8BBFD118F5362100E7B0D7 /* Supporting Files */,
			);
			path = HelloPollyTests;
			sourceTree = "<group>";
		};
		FF8BBFD118F5362100E7B0D7 /* Supporting Files */ = {
			isa = PBXGroup;
			children = (
				FF8BBFD218F5362100E7B0D7 /* HelloPollyTests-Info.plist */,
				FF8BBFD318F5362100E7B0D7 /* InfoPlist.strings */,
			);
			name = "Supporting Files";
			sourceTree = "<group>";
		};
/* End PBXGroup section */

/* Begin PBXNativeTarget section */
		FF8BBFA718F5362100E7B0D7 /* HelloPolly */ = {
			isa = PBXNativeTarget;
			buildConfigurationList = FF8BBFDA18F5362100E7B0D7 /* Build configuration list for PBXNativeTarget "HelloPolly" */;
			buildPhases = (
				FF8BBFA418F5362100E7B0D7 /* Sources */,
				FF8BBFA518F5362100E7B0D7 /* Frameworks */,
				FF8BBFA618F5362100E7B0D7 /* Resources */,
			);
			buildRules = (
			);
			dependencies = (
			);
			name = HelloPolly;
			productName = HelloPolly;
			productReference = FF8BBFA818F5362100E7B0D7 /* HelloPolly.app */;
			productType = "com.apple.product-type.application";
		};
		FF8BBFC818F5362100E7B0D7 /* HelloPollyTests */ = {
			isa = PBXNativeTarget;
			buildConfigurationList = FF8BBFDD18F5362100E7B0D7 /* Build configuration list for PBXNativeTarget "HelloPollyTests" */;
			buildPhases = (
				FF8BBFC518F5362100E7B0D7 /* Sources */,
				FF8BBFC618F5362100E7B0D7 /* Frameworks */,
				FF8BBFC718F5362100E7B0D7 /* Resources */,
			);
			buildRules = (
			);
			dependencies = (
				FF8BBFCF18F5362100E7B0D7 /* PBXTargetDependency */,
			);
			name = HelloPollyTests;
			productName = HelloPollyTests;
			productReference = FF8BBFC918F5362100E7B0D7 /* HelloPollyTests.xctest */;
			productType = "com.apple.product-type.bundle.unit-test";
		};
/* End PBXNativeTarget section */

/* Begin PBXProject section */
		FF8BBFA018F5362100E7B0D7 /* Project object */ = {
			isa = PBXProject;
			attributes = {
				LastUpgradeCheck = 0500;
				ORGANIZATIONNAME = ucd;
				TargetAttributes = {
					FF8BBFC818F5362100E7B0D7 = {
						TestTargetID = FF8BBFA718F5362100E7B0D7;
					};
				};
			};
			buildConfigurationList = FF8BBFA318F5362100E7B0D7 /* Build configuration list for PBXProject "HelloPolly" */;
			compatibilityVersion = "Xcode 3.2";
			developmentRegion = English;
			hasScannedForEncodings = 0;
			knownRegions = (
				en,
				Base,
			);
			mainGroup = FF8BBF9F18F5362100E7B0D7;
			productRefGroup = FF8BBFA918F5362100E7B0D7 /* Products */;
			projectDirPath = "";
			projectRoot = "";
			targets = (
				FF8BBFA718F5362100E7B0D7 /* HelloPolly */,
				FF8BBFC818F5362100E7B0D7 /* HelloPollyTests */,
			);
		};
/* End PBXProject section */

/* Begin PBXResourcesBuildPhase section */
		FF8BBFA618F5362100E7B0D7 /* Resources */ = {
			isa = PBXResourcesBuildPhase;
			buildActionMask = 2147483647;
			files = (
				FF8BBFC418F5362100E7B0D7 /* Images.xcassets in Resources */,
				FF8BBFB618F5362100E7B0D7 /* InfoPlist.strings in Resources */,
				FF8BBFBF18F5362100E7B0D7 /* Main.storyboard in Resources */,
			);
			runOnlyForDeploymentPostprocessing = 0;
		};
		FF8BBFC718F5362100E7B0D7 /* Resources */ = {
			isa = PBXResourcesBuildPhase;
			buildActionMask = 2147483647;
			files = (
				FF8BBFD518F5362100E7B0D7 /* InfoPlist.strings in Resources */,
			);
			runOnlyForDeploymentPostprocessing = 0;
		};
/* End PBXResourcesBuildPhase section */

/* Begin PBXSourcesBuildPhase section */
		FF8BBFA418F5362100E7B0D7 /* Sources */ = {
			isa = PBXSourcesBuildPhase;
			buildActionMask = 2147483647;
			files = (
				FF8BBFE718F538F300E7B0D7 /* PolygonView.m in Sources */,
				FF8BBFC218F5362100E7B0D7 /* ViewController.m in Sources */,
				FF8BBFBC18F5362100E7B0D7 /* AppDelegate.m in Sources */,
				FF8BBFE518F5385000E7B0D7 /* PolygonShape.m in Sources */,
				FF8BBFB818F5362100E7B0D7 /* main.m in Sources */,
			);
			runOnlyForDeploymentPostprocessing = 0;
		};
		FF8BBFC518F5362100E7B0D7 /* Sources */ = {
			isa = PBXSourcesBuildPhase;
			buildActionMask = 2147483647;
			files = (
				FF8BBFD718F5362100E7B0D7 /* HelloPollyTests.m in Sources */,
			);
			runOnlyForDeploymentPostprocessing = 0;
		};
/* End PBXSourcesBuildPhase section */

/* Begin PBXTargetDependency section */
		FF8BBFCF18F5362100E7B0D7 /* PBXTargetDependency */ = {
			isa = PBXTargetDependency;
			target = FF8BBFA718F5362100E7B0D7 /* HelloPolly */;
			targetProxy = FF8BBFCE18F5362100E7B0D7 /* PBXContainerItemProxy */;
		};
/* End PBXTargetDependency section */

/* Begin PBXVariantGroup section */
		FF8BBFB418F5362100E7B0D7 /* InfoPlist.strings */ = {
			isa = PBXVariantGroup;
			children = (
				FF8BBFB518F5362100E7B0D7 /* en */,
			);
			name = InfoPlist.strings;
			sourceTree = "<group>";
		};
		FF8BBFBD18F5362100E7B0D7 /* Main.storyboard */ = {
			isa = PBXVariantGroup;
			children = (
				FF8BBFBE18F5362100E7B0D7 /* Base */,
			);
			name = Main.storyboard;
			sourceTree = "<group>";
		};
		FF8BBFD318F5362100E7B0D7 /* InfoPlist.strings */ = {
			isa = PBXVariantGroup;
			children = (
				FF8BBFD418F5362100E7B0D7 /* en */,
			);
			name = InfoPlist.strings;
			sourceTree = "<group>";
		};
/* End PBXVariantGroup section */

/* Begin XCBuildConfiguration section */
		FF8BBFD818F5362100E7B0D7 /* Debug */ = {
			isa = XCBuildConfiguration;
			buildSettings = {
				ALWAYS_SEARCH_USER_PATHS = NO;
				ARCHS = "$(ARCHS_STANDARD_INCLUDING_64_BIT)";
				CLANG_CXX_LANGUAGE_STANDARD = "gnu++0x";
				CLANG_CXX_LIBRARY = "libc++";
				CLANG_ENABLE_MODULES = YES;
				CLANG_ENABLE_OBJC_ARC = YES;
				CLANG_WARN_BOOL_CONVERSION = YES;
				CLANG_WARN_CONSTANT_CONVERSION = YES;
				CLANG_WARN_DIRECT_OBJC_ISA_USAGE = YES_ERROR;
				CLANG_WARN_EMPTY_BODY = YES;
				CLANG_WARN_ENUM_CONVERSION = YES;
				CLANG_WARN_INT_CONVERSION = YES;
				CLANG_WARN_OBJC_ROOT_CLASS = YES_ERROR;
				CLANG_WARN__DUPLICATE_METHOD_MATCH = YES;
				"CODE_SIGN_IDENTITY[sdk=iphoneos*]" = "iPhone Developer";
				COPY_PHASE_STRIP = NO;
				GCC_C_LANGUAGE_STANDARD = gnu99;
				GCC_DYNAMIC_NO_PIC = NO;
				GCC_OPTIMIZATION_LEVEL = 0;
				GCC_PREPROCESSOR_DEFINITIONS = (
					"DEBUG=1",
					"$(inherited)",
				);
				GCC_SYMBOLS_PRIVATE_EXTERN = NO;
				GCC_WARN_64_TO_32_BIT_CONVERSION = YES;
				GCC_WARN_ABOUT_RETURN_TYPE = YES_ERROR;
				GCC_WARN_UNDECLARED_SELECTOR = YES;
				GCC_WARN_UNINITIALIZED_AUTOS = YES;
				GCC_WARN_UNUSED_FUNCTION = YES;
				GCC_WARN_UNUSED_VARIABLE = YES;
				IPHONEOS_DEPLOYMENT_TARGET = 7.0;
				ONLY_ACTIVE_ARCH = YES;
				SDKROOT = iphoneos;
			};
			name = Debug;
		};
		FF8BBFD918F5362100E7B0D7 /* Release */ = {
			isa = XCBuildConfiguration;
			buildSettings = {
				ALWAYS_SEARCH_USER_PATHS = NO;
				ARCHS = "$(ARCHS_STANDARD_INCLUDING_64_BIT)";
				CLANG_CXX_LANGUAGE_STANDARD = "gnu++0x";
				CLANG_CXX_LIBRARY = "libc++";
				CLANG_ENABLE_MODULES = YES;
				CLANG_ENABLE_OBJC_ARC = YES;
				CLANG_WARN_BOOL_CONVERSION = YES;
				CLANG_WARN_CONSTANT_CONVERSION = YES;
				CLANG_WARN_DIRECT_OBJC_ISA_USAGE = YES_ERROR;
				CLANG_WARN_EMPTY_BODY = YES;
				CLANG_WARN_ENUM_CONVERSION = YES;
				CLANG_WARN_INT_CONVERSION = YES;
				CLANG_WARN_OBJC_ROOT_CLASS = YES_ERROR;
				CLANG_WARN__DUPLICATE_METHOD_MATCH = YES;
				"CODE_SIGN_IDENTITY[sdk=iphoneos*]" = "iPhone Developer";
				COPY_PHASE_STRIP = YES;
				ENABLE_NS_ASSERTIONS = NO;
				GCC_C_LANGUAGE_STANDARD = gnu99;
				GCC_WARN_64_TO_32_BIT_CONVERSION = YES;
				GCC_WARN_ABOUT_RETURN_TYPE = YES_ERROR;
				GCC_WARN_UNDECLARED_SELECTOR = YES;
				GCC_WARN_UNINITIALIZED_AUTOS = YES;
				GCC_WARN_UNUSED_FUNCTION = YES;
				GCC_WARN_UNUSED_VARIABLE = YES;
				IPHONEOS_DEPLOYMENT_TARGET = 7.0;
				SDKROOT = iphoneos;
				VALIDATE_PRODUCT = YES;
			};
			name = Release;
		};
		FF8BBFDB18F5362100E7B0D7 /* Debug */ = {
			isa = XCBuildConfiguration;
			buildSettings = {
				ASSETCATALOG_COMPILER_APPICON_NAME = AppIcon;
				ASSETCATALOG_COMPILER_LAUNCHIMAGE_NAME = LaunchImage;
				GCC_PRECOMPILE_PREFIX_HEADER = YES;
				GCC_PREFIX_HEADER = "HelloPolly/HelloPolly-Prefix.pch";
				INFOPLIST_FILE = "HelloPolly/HelloPolly-Info.plist";
				PRODUCT_NAME = "$(TARGET_NAME)";
				WRAPPER_EXTENSION = app;
			};
			name = Debug;
		};
		FF8BBFDC18F5362100E7B0D7 /* Release */ = {
			isa = XCBuildConfiguration;
			buildSettings = {
				ASSETCATALOG_COMPILER_APPICON_NAME = AppIcon;
				ASSETCATALOG_COMPILER_LAUNCHIMAGE_NAME = LaunchImage;
				GCC_PRECOMPILE_PREFIX_HEADER = YES;
				GCC_PREFIX_HEADER = "HelloPolly/HelloPolly-Prefix.pch";
				INFOPLIST_FILE = "HelloPolly/HelloPolly-Info.plist";
				PRODUCT_NAME = "$(TARGET_NAME)";
				WRAPPER_EXTENSION = app;
			};
			name = Release;
		};
		FF8BBFDE18F5362100E7B0D7 /* Debug */ = {
			isa = XCBuildConfiguration;
			buildSettings = {
				ARCHS = "$(ARCHS_STANDARD_INCLUDING_64_BIT)";
				BUNDLE_LOADER = "$(BUILT_PRODUCTS_DIR)/HelloPolly.app/HelloPolly";
				FRAMEWORK_SEARCH_PATHS = (
					"$(SDKROOT)/Developer/Library/Frameworks",
					"$(inherited)",
					"$(DEVELOPER_FRAMEWORKS_DIR)",
				);
				GCC_PRECOMPILE_PREFIX_HEADER = YES;
				GCC_PREFIX_HEADER = "HelloPolly/HelloPolly-Prefix.pch";
				GCC_PREPROCESSOR_DEFINITIONS = (
					"DEBUG=1",
					"$(inherited)",
				);
				INFOPLIST_FILE = "HelloPollyTests/HelloPollyTests-Info.plist";
				PRODUCT_NAME = "$(TARGET_NAME)";
				TEST_HOST = "$(BUNDLE_LOADER)";
				WRAPPER_EXTENSION = xctest;
			};
			name = Debug;
		};
		FF8BBFDF18F5362100E7B0D7 /* Release */ = {
			isa = XCBuildConfiguration;
			buildSettings = {
				ARCHS = "$(ARCHS_STANDARD_INCLUDING_64_BIT)";
				BUNDLE_LOADER = "$(BUILT_PRODUCTS_DIR)/HelloPolly.app/HelloPolly";
				FRAMEWORK_SEARCH_PATHS = (
					"$(SDKROOT)/Developer/Library/Frameworks",
					"$(inherited)",
					"$(DEVELOPER_FRAMEWORKS_DIR)",
				);
				GCC_PRECOMPILE_PREFIX_HEADER = YES;
				GCC_PREFIX_HEADER = "HelloPolly/HelloPolly-Prefix.pch";
				INFOPLIST_FILE = "HelloPollyTests/HelloPollyTests-Info.plist";
				PRODUCT_NAME = "$(TARGET_NAME)";
				TEST_HOST = "$(BUNDLE_LOADER)";
				WRAPPER_EXTENSION = xctest;
			};
			name = Release;
		};
/* End XCBuildConfiguration section */

/* Begin XCConfigurationList section */
		FF8BBFA318F5362100E7B0D7 /* Build configuration list for PBXProject "HelloPolly" */ = {
			isa = XCConfigurationList;
			buildConfigurations = (
				FF8BBFD818F5362100E7B0D7 /* Debug */,
				FF8BBFD918F5362100E7B0D7 /* Release */,
			);
			defaultConfigurationIsVisible = 0;
			defaultConfigurationName = Release;
		};
		FF8BBFDA18F5362100E7B0D7 /* Build configuration list for PBXNativeTarget "HelloPolly" */ = {
			isa = XCConfigurationList;
			buildConfigurations = (
				FF8BBFDB18F5362100E7B0D7 /* Debug */,
				FF8BBFDC18F5362100E7B0D7 /* Release */,
			);
			defaultConfigurationIsVisible = 0;
		};
		FF8BBFDD18F5362100E7B0D7 /* Build configuration list for PBXNativeTarget "HelloPollyTests" */ = {
			isa = XCConfigurationList;
			buildConfigurations = (
				FF8BBFDE18F5362100E7B0D7 /* Debug */,
				FF8BBFDF18F5362100E7B0D7 /* Release */,
			);
			defaultConfigurationIsVisible = 0;
		};
/* End XCConfigurationList section */
	};
	rootObject = FF8BBFA018F5362100E7B0D7 /* Project object */;
}
